// !$*UTF8*$!
{
	archiveVersion = 1;
	classes = {
	};
	objectVersion = 56;
	objects = {

/* Begin PBXBuildFile section */
		0A3AAAE12A491DCB00EC6570 /* IGTextFieldModifier.swift in Sources */ = {isa = PBXBuildFile; fileRef = 0A3AAAE02A491DCB00EC6570 /* IGTextFieldModifier.swift */; };
		0A3AAAE32A491ECA00EC6570 /* CreateUserNameView.swift in Sources */ = {isa = PBXBuildFile; fileRef = 0A3AAAE22A491ECA00EC6570 /* CreateUserNameView.swift */; };
		0A3AAAE52A49243800EC6570 /* CreatePasswordView.swift in Sources */ = {isa = PBXBuildFile; fileRef = 0A3AAAE42A49243800EC6570 /* CreatePasswordView.swift */; };
		0A3AAAE72A49255D00EC6570 /* CompleteSignUpView.swift in Sources */ = {isa = PBXBuildFile; fileRef = 0A3AAAE62A49255D00EC6570 /* CompleteSignUpView.swift */; };
		0A3AAAE92A4A115000EC6570 /* User.swift in Sources */ = {isa = PBXBuildFile; fileRef = 0A3AAAE82A4A115000EC6570 /* User.swift */; };
		0A6187E02A451CF7007F11FF /* LoginView.swift in Sources */ = {isa = PBXBuildFile; fileRef = 0A6187DF2A451CF7007F11FF /* LoginView.swift */; };
		0A626F762A49068800BE9E33 /* AddEmailView.swift in Sources */ = {isa = PBXBuildFile; fileRef = 0A626F752A49068800BE9E33 /* AddEmailView.swift */; };
		0A6F21072A44DFAC00C6B7C6 /* InstaCopApp.swift in Sources */ = {isa = PBXBuildFile; fileRef = 0A6F21062A44DFAC00C6B7C6 /* InstaCopApp.swift */; };
		0A6F21092A44DFAC00C6B7C6 /* ContentView.swift in Sources */ = {isa = PBXBuildFile; fileRef = 0A6F21082A44DFAC00C6B7C6 /* ContentView.swift */; };
		0A6F210B2A44DFAD00C6B7C6 /* Assets.xcassets in Resources */ = {isa = PBXBuildFile; fileRef = 0A6F210A2A44DFAD00C6B7C6 /* Assets.xcassets */; };
		0A6F210E2A44DFAD00C6B7C6 /* Preview Assets.xcassets in Resources */ = {isa = PBXBuildFile; fileRef = 0A6F210D2A44DFAD00C6B7C6 /* Preview Assets.xcassets */; };
		0A6F21212A44E0C800C6B7C6 /* MainTabView.swift in Sources */ = {isa = PBXBuildFile; fileRef = 0A6F21202A44E0C800C6B7C6 /* MainTabView.swift */; };
		0A6F21232A44E2E400C6B7C6 /* ProfileView.swift in Sources */ = {isa = PBXBuildFile; fileRef = 0A6F21222A44E2E400C6B7C6 /* ProfileView.swift */; };
		0A6F21262A44E81B00C6B7C6 /* UserStatView.swift in Sources */ = {isa = PBXBuildFile; fileRef = 0A6F21252A44E81B00C6B7C6 /* UserStatView.swift */; };
		0A6F21282A44EC1B00C6B7C6 /* FeedView.swift in Sources */ = {isa = PBXBuildFile; fileRef = 0A6F21272A44EC1B00C6B7C6 /* FeedView.swift */; };
		0A6F212A2A44EC2300C6B7C6 /* FeedCell.swift in Sources */ = {isa = PBXBuildFile; fileRef = 0A6F21292A44EC2300C6B7C6 /* FeedCell.swift */; };
		0A6F212C2A44F1D000C6B7C6 /* SearchView.swift in Sources */ = {isa = PBXBuildFile; fileRef = 0A6F212B2A44F1D000C6B7C6 /* SearchView.swift */; };
/* End PBXBuildFile section */

/* Begin PBXFileReference section */
		0A3AAAE02A491DCB00EC6570 /* IGTextFieldModifier.swift */ = {isa = PBXFileReference; lastKnownFileType = sourcecode.swift; path = IGTextFieldModifier.swift; sourceTree = "<group>"; };
		0A3AAAE22A491ECA00EC6570 /* CreateUserNameView.swift */ = {isa = PBXFileReference; lastKnownFileType = sourcecode.swift; path = CreateUserNameView.swift; sourceTree = "<group>"; };
		0A3AAAE42A49243800EC6570 /* CreatePasswordView.swift */ = {isa = PBXFileReference; lastKnownFileType = sourcecode.swift; path = CreatePasswordView.swift; sourceTree = "<group>"; };
		0A3AAAE62A49255D00EC6570 /* CompleteSignUpView.swift */ = {isa = PBXFileReference; lastKnownFileType = sourcecode.swift; path = CompleteSignUpView.swift; sourceTree = "<group>"; };
		0A3AAAE82A4A115000EC6570 /* User.swift */ = {isa = PBXFileReference; lastKnownFileType = sourcecode.swift; path = User.swift; sourceTree = "<group>"; };
		0A6187DF2A451CF7007F11FF /* LoginView.swift */ = {isa = PBXFileReference; lastKnownFileType = sourcecode.swift; path = LoginView.swift; sourceTree = "<group>"; };
		0A626F752A49068800BE9E33 /* AddEmailView.swift */ = {isa = PBXFileReference; lastKnownFileType = sourcecode.swift; path = AddEmailView.swift; sourceTree = "<group>"; };
		0A6F21032A44DFAC00C6B7C6 /* InstaCop.app */ = {isa = PBXFileReference; explicitFileType = wrapper.application; includeInIndex = 0; path = InstaCop.app; sourceTree = BUILT_PRODUCTS_DIR; };
		0A6F21062A44DFAC00C6B7C6 /* InstaCopApp.swift */ = {isa = PBXFileReference; lastKnownFileType = sourcecode.swift; path = InstaCopApp.swift; sourceTree = "<group>"; };
		0A6F21082A44DFAC00C6B7C6 /* ContentView.swift */ = {isa = PBXFileReference; lastKnownFileType = sourcecode.swift; path = ContentView.swift; sourceTree = "<group>"; };
		0A6F210A2A44DFAD00C6B7C6 /* Assets.xcassets */ = {isa = PBXFileReference; lastKnownFileType = folder.assetcatalog; path = Assets.xcassets; sourceTree = "<group>"; };
		0A6F210D2A44DFAD00C6B7C6 /* Preview Assets.xcassets */ = {isa = PBXFileReference; lastKnownFileType = folder.assetcatalog; path = "Preview Assets.xcassets"; sourceTree = "<group>"; };
		0A6F21202A44E0C800C6B7C6 /* MainTabView.swift */ = {isa = PBXFileReference; lastKnownFileType = sourcecode.swift; path = MainTabView.swift; sourceTree = "<group>"; };
		0A6F21222A44E2E400C6B7C6 /* ProfileView.swift */ = {isa = PBXFileReference; lastKnownFileType = sourcecode.swift; path = ProfileView.swift; sourceTree = "<group>"; };
		0A6F21252A44E81B00C6B7C6 /* UserStatView.swift */ = {isa = PBXFileReference; lastKnownFileType = sourcecode.swift; path = UserStatView.swift; sourceTree = "<group>"; };
		0A6F21272A44EC1B00C6B7C6 /* FeedView.swift */ = {isa = PBXFileReference; lastKnownFileType = sourcecode.swift; path = FeedView.swift; sourceTree = "<group>"; };
		0A6F21292A44EC2300C6B7C6 /* FeedCell.swift */ = {isa = PBXFileReference; lastKnownFileType = sourcecode.swift; path = FeedCell.swift; sourceTree = "<group>"; };
		0A6F212B2A44F1D000C6B7C6 /* SearchView.swift */ = {isa = PBXFileReference; lastKnownFileType = sourcecode.swift; path = SearchView.swift; sourceTree = "<group>"; };
/* End PBXFileReference section */

/* Begin PBXFrameworksBuildPhase section */
		0A6F21002A44DFAC00C6B7C6 /* Frameworks */ = {
			isa = PBXFrameworksBuildPhase;
			buildActionMask = 2147483647;
			files = (
			);
			runOnlyForDeploymentPostprocessing = 0;
		};
/* End PBXFrameworksBuildPhase section */

/* Begin PBXGroup section */
		0A6F20FA2A44DFAC00C6B7C6 = {
			isa = PBXGroup;
			children = (
				0A6F21052A44DFAC00C6B7C6 /* InstaCop */,
				0A6F21042A44DFAC00C6B7C6 /* Products */,
			);
			sourceTree = "<group>";
		};
		0A6F21042A44DFAC00C6B7C6 /* Products */ = {
			isa = PBXGroup;
			children = (
				0A6F21032A44DFAC00C6B7C6 /* InstaCop.app */,
			);
			name = Products;
			sourceTree = "<group>";
		};
		0A6F21052A44DFAC00C6B7C6 /* InstaCop */ = {
			isa = PBXGroup;
			children = (
				0A6F21182A44DFDA00C6B7C6 /* App */,
				0A6F21172A44DFD900C6B7C6 /* Core */,
				0A6F21162A44DFD800C6B7C6 /* Extensions */,
				0A6F21152A44DFD500C6B7C6 /* Model */,
				0A6F21142A44DFCA00C6B7C6 /* Services */,
				0A6F21082A44DFAC00C6B7C6 /* ContentView.swift */,
				0A6F210A2A44DFAD00C6B7C6 /* Assets.xcassets */,
				0A6F210C2A44DFAD00C6B7C6 /* Preview Content */,
			);
			path = InstaCop;
			sourceTree = "<group>";
		};
		0A6F210C2A44DFAD00C6B7C6 /* Preview Content */ = {
			isa = PBXGroup;
			children = (
				0A6F210D2A44DFAD00C6B7C6 /* Preview Assets.xcassets */,
			);
			path = "Preview Content";
			sourceTree = "<group>";
		};
		0A6F21142A44DFCA00C6B7C6 /* Services */ = {
			isa = PBXGroup;
			children = (
			);
			path = Services;
			sourceTree = "<group>";
		};
		0A6F21152A44DFD500C6B7C6 /* Model */ = {
			isa = PBXGroup;
			children = (
				0A3AAAE82A4A115000EC6570 /* User.swift */,
			);
			path = Model;
			sourceTree = "<group>";
		};
		0A6F21162A44DFD800C6B7C6 /* Extensions */ = {
			isa = PBXGroup;
			children = (
			);
			path = Extensions;
			sourceTree = "<group>";
		};
		0A6F21172A44DFD900C6B7C6 /* Core */ = {
			isa = PBXGroup;
			children = (
				0A6F21192A44E00E00C6B7C6 /* Authentication */,
				0A6F21242A44E80200C6B7C6 /* Components */,
				0A6F211A2A44E01A00C6B7C6 /* Feed */,
				0A6F211B2A44E02300C6B7C6 /* Profile */,
				0A6F211C2A44E02B00C6B7C6 /* Root */,
				0A6F211D2A44E03300C6B7C6 /* Search */,
				0A6F211E2A44E04C00C6B7C6 /* Tabbar */,
				0A6F211F2A44E05900C6B7C6 /* UploadPost */,
			);
			path = Core;
			sourceTree = "<group>";
		};
		0A6F21182A44DFDA00C6B7C6 /* App */ = {
			isa = PBXGroup;
			children = (
				0A6F21062A44DFAC00C6B7C6 /* InstaCopApp.swift */,
			);
			path = App;
			sourceTree = "<group>";
		};
		0A6F21192A44E00E00C6B7C6 /* Authentication */ = {
			isa = PBXGroup;
			children = (
				0A6187DF2A451CF7007F11FF /* LoginView.swift */,
				0A626F752A49068800BE9E33 /* AddEmailView.swift */,
				0A3AAAE22A491ECA00EC6570 /* CreateUserNameView.swift */,
				0A3AAAE42A49243800EC6570 /* CreatePasswordView.swift */,
				0A3AAAE62A49255D00EC6570 /* CompleteSignUpView.swift */,
			);
			path = Authentication;
			sourceTree = "<group>";
		};
		0A6F211A2A44E01A00C6B7C6 /* Feed */ = {
			isa = PBXGroup;
			children = (
				0A6F21272A44EC1B00C6B7C6 /* FeedView.swift */,
				0A6F21292A44EC2300C6B7C6 /* FeedCell.swift */,
			);
			path = Feed;
			sourceTree = "<group>";
		};
		0A6F211B2A44E02300C6B7C6 /* Profile */ = {
			isa = PBXGroup;
			children = (
				0A6F21222A44E2E400C6B7C6 /* ProfileView.swift */,
			);
			path = Profile;
			sourceTree = "<group>";
		};
		0A6F211C2A44E02B00C6B7C6 /* Root */ = {
			isa = PBXGroup;
			children = (
			);
			path = Root;
			sourceTree = "<group>";
		};
		0A6F211D2A44E03300C6B7C6 /* Search */ = {
			isa = PBXGroup;
			children = (
				0A6F212B2A44F1D000C6B7C6 /* SearchView.swift */,
			);
			path = Search;
			sourceTree = "<group>";
		};
		0A6F211E2A44E04C00C6B7C6 /* Tabbar */ = {
			isa = PBXGroup;
			children = (
				0A6F21202A44E0C800C6B7C6 /* MainTabView.swift */,
			);
			path = Tabbar;
			sourceTree = "<group>";
		};
		0A6F211F2A44E05900C6B7C6 /* UploadPost */ = {
			isa = PBXGroup;
			children = (
			);
			path = UploadPost;
			sourceTree = "<group>";
		};
		0A6F21242A44E80200C6B7C6 /* Components */ = {
			isa = PBXGroup;
			children = (
				0A6F21252A44E81B00C6B7C6 /* UserStatView.swift */,
				0A3AAAE02A491DCB00EC6570 /* IGTextFieldModifier.swift */,
			);
			path = Components;
			sourceTree = "<group>";
		};
/* End PBXGroup section */

/* Begin PBXNativeTarget section */
		0A6F21022A44DFAC00C6B7C6 /* InstaCop */ = {
			isa = PBXNativeTarget;
			buildConfigurationList = 0A6F21112A44DFAD00C6B7C6 /* Build configuration list for PBXNativeTarget "InstaCop" */;
			buildPhases = (
				0A6F20FF2A44DFAC00C6B7C6 /* Sources */,
				0A6F21002A44DFAC00C6B7C6 /* Frameworks */,
				0A6F21012A44DFAC00C6B7C6 /* Resources */,
			);
			buildRules = (
			);
			dependencies = (
			);
			name = InstaCop;
			productName = InstaCop;
			productReference = 0A6F21032A44DFAC00C6B7C6 /* InstaCop.app */;
			productType = "com.apple.product-type.application";
		};
/* End PBXNativeTarget section */

/* Begin PBXProject section */
		0A6F20FB2A44DFAC00C6B7C6 /* Project object */ = {
			isa = PBXProject;
			attributes = {
				BuildIndependentTargetsInParallel = 1;
				LastSwiftUpdateCheck = 1410;
				LastUpgradeCheck = 1410;
				TargetAttributes = {
					0A6F21022A44DFAC00C6B7C6 = {
						CreatedOnToolsVersion = 14.1;
					};
				};
			};
			buildConfigurationList = 0A6F20FE2A44DFAC00C6B7C6 /* Build configuration list for PBXProject "InstaCop" */;
			compatibilityVersion = "Xcode 14.0";
			developmentRegion = en;
			hasScannedForEncodings = 0;
			knownRegions = (
				en,
				Base,
			);
			mainGroup = 0A6F20FA2A44DFAC00C6B7C6;
			productRefGroup = 0A6F21042A44DFAC00C6B7C6 /* Products */;
			projectDirPath = "";
			projectRoot = "";
			targets = (
				0A6F21022A44DFAC00C6B7C6 /* InstaCop */,
			);
		};
/* End PBXProject section */

/* Begin PBXResourcesBuildPhase section */
		0A6F21012A44DFAC00C6B7C6 /* Resources */ = {
			isa = PBXResourcesBuildPhase;
			buildActionMask = 2147483647;
			files = (
				0A6F210E2A44DFAD00C6B7C6 /* Preview Assets.xcassets in Resources */,
				0A6F210B2A44DFAD00C6B7C6 /* Assets.xcassets in Resources */,
			);
			runOnlyForDeploymentPostprocessing = 0;
		};
/* End PBXResourcesBuildPhase section */

/* Begin PBXSourcesBuildPhase section */
		0A6F20FF2A44DFAC00C6B7C6 /* Sources */ = {
			isa = PBXSourcesBuildPhase;
			buildActionMask = 2147483647;
			files = (
				0A6F212A2A44EC2300C6B7C6 /* FeedCell.swift in Sources */,
				0A6F21232A44E2E400C6B7C6 /* ProfileView.swift in Sources */,
				0A3AAAE32A491ECA00EC6570 /* CreateUserNameView.swift in Sources */,
				0A6F21092A44DFAC00C6B7C6 /* ContentView.swift in Sources */,
				0A6187E02A451CF7007F11FF /* LoginView.swift in Sources */,
				0A6F21072A44DFAC00C6B7C6 /* InstaCopApp.swift in Sources */,
				0A626F762A49068800BE9E33 /* AddEmailView.swift in Sources */,
				0A3AAAE72A49255D00EC6570 /* CompleteSignUpView.swift in Sources */,
				0A3AAAE92A4A115000EC6570 /* User.swift in Sources */,
				0A6F212C2A44F1D000C6B7C6 /* SearchView.swift in Sources */,
				0A3AAAE12A491DCB00EC6570 /* IGTextFieldModifier.swift in Sources */,
				0A6F21262A44E81B00C6B7C6 /* UserStatView.swift in Sources */,
				0A6F21282A44EC1B00C6B7C6 /* FeedView.swift in Sources */,
				0A6F21212A44E0C800C6B7C6 /* MainTabView.swift in Sources */,
				0A3AAAE52A49243800EC6570 /* CreatePasswordView.swift in Sources */,
			);
			runOnlyForDeploymentPostprocessing = 0;
		};
/* End PBXSourcesBuildPhase section */

/* Begin XCBuildConfiguration section */
		0A6F210F2A44DFAD00C6B7C6 /* Debug */ = {
			isa = XCBuildConfiguration;
			buildSettings = {
				ALWAYS_SEARCH_USER_PATHS = NO;
				CLANG_ANALYZER_NONNULL = YES;
				CLANG_ANALYZER_NUMBER_OBJECT_CONVERSION = YES_AGGRESSIVE;
				CLANG_CXX_LANGUAGE_STANDARD = "gnu++20";
				CLANG_ENABLE_MODULES = YES;
				CLANG_ENABLE_OBJC_ARC = YES;
				CLANG_ENABLE_OBJC_WEAK = YES;
				CLANG_WARN_BLOCK_CAPTURE_AUTORELEASING = YES;
				CLANG_WARN_BOOL_CONVERSION = YES;
				CLANG_WARN_COMMA = YES;
				CLANG_WARN_CONSTANT_CONVERSION = YES;
				CLANG_WARN_DEPRECATED_OBJC_IMPLEMENTATIONS = YES;
				CLANG_WARN_DIRECT_OBJC_ISA_USAGE = YES_ERROR;
				CLANG_WARN_DOCUMENTATION_COMMENTS = YES;
				CLANG_WARN_EMPTY_BODY = YES;
				CLANG_WARN_ENUM_CONVERSION = YES;
				CLANG_WARN_INFINITE_RECURSION = YES;
				CLANG_WARN_INT_CONVERSION = YES;
				CLANG_WARN_NON_LITERAL_NULL_CONVERSION = YES;
				CLANG_WARN_OBJC_IMPLICIT_RETAIN_SELF = YES;
				CLANG_WARN_OBJC_LITERAL_CONVERSION = YES;
				CLANG_WARN_OBJC_ROOT_CLASS = YES_ERROR;
				CLANG_WARN_QUOTED_INCLUDE_IN_FRAMEWORK_HEADER = YES;
				CLANG_WARN_RANGE_LOOP_ANALYSIS = YES;
				CLANG_WARN_STRICT_PROTOTYPES = YES;
				CLANG_WARN_SUSPICIOUS_MOVE = YES;
				CLANG_WARN_UNGUARDED_AVAILABILITY = YES_AGGRESSIVE;
				CLANG_WARN_UNREACHABLE_CODE = YES;
				CLANG_WARN__DUPLICATE_METHOD_MATCH = YES;
				COPY_PHASE_STRIP = NO;
				DEBUG_INFORMATION_FORMAT = dwarf;
				ENABLE_STRICT_OBJC_MSGSEND = YES;
				ENABLE_TESTABILITY = YES;
				GCC_C_LANGUAGE_STANDARD = gnu11;
				GCC_DYNAMIC_NO_PIC = NO;
				GCC_NO_COMMON_BLOCKS = YES;
				GCC_OPTIMIZATION_LEVEL = 0;
				GCC_PREPROCESSOR_DEFINITIONS = (
					"DEBUG=1",
					"$(inherited)",
				);
				GCC_WARN_64_TO_32_BIT_CONVERSION = YES;
				GCC_WARN_ABOUT_RETURN_TYPE = YES_ERROR;
				GCC_WARN_UNDECLARED_SELECTOR = YES;
				GCC_WARN_UNINITIALIZED_AUTOS = YES_AGGRESSIVE;
				GCC_WARN_UNUSED_FUNCTION = YES;
				GCC_WARN_UNUSED_VARIABLE = YES;
				IPHONEOS_DEPLOYMENT_TARGET = 16.1;
				MTL_ENABLE_DEBUG_INFO = INCLUDE_SOURCE;
				MTL_FAST_MATH = YES;
				ONLY_ACTIVE_ARCH = YES;
				SDKROOT = iphoneos;
				SWIFT_ACTIVE_COMPILATION_CONDITIONS = DEBUG;
				SWIFT_OPTIMIZATION_LEVEL = "-Onone";
			};
			name = Debug;
		};
		0A6F21102A44DFAD00C6B7C6 /* Release */ = {
			isa = XCBuildConfiguration;
			buildSettings = {
				ALWAYS_SEARCH_USER_PATHS = NO;
				CLANG_ANALYZER_NONNULL = YES;
				CLANG_ANALYZER_NUMBER_OBJECT_CONVERSION = YES_AGGRESSIVE;
				CLANG_CXX_LANGUAGE_STANDARD = "gnu++20";
				CLANG_ENABLE_MODULES = YES;
				CLANG_ENABLE_OBJC_ARC = YES;
				CLANG_ENABLE_OBJC_WEAK = YES;
				CLANG_WARN_BLOCK_CAPTURE_AUTORELEASING = YES;
				CLANG_WARN_BOOL_CONVERSION = YES;
				CLANG_WARN_COMMA = YES;
				CLANG_WARN_CONSTANT_CONVERSION = YES;
				CLANG_WARN_DEPRECATED_OBJC_IMPLEMENTATIONS = YES;
				CLANG_WARN_DIRECT_OBJC_ISA_USAGE = YES_ERROR;
				CLANG_WARN_DOCUMENTATION_COMMENTS = YES;
				CLANG_WARN_EMPTY_BODY = YES;
				CLANG_WARN_ENUM_CONVERSION = YES;
				CLANG_WARN_INFINITE_RECURSION = YES;
				CLANG_WARN_INT_CONVERSION = YES;
				CLANG_WARN_NON_LITERAL_NULL_CONVERSION = YES;
				CLANG_WARN_OBJC_IMPLICIT_RETAIN_SELF = YES;
				CLANG_WARN_OBJC_LITERAL_CONVERSION = YES;
				CLANG_WARN_OBJC_ROOT_CLASS = YES_ERROR;
				CLANG_WARN_QUOTED_INCLUDE_IN_FRAMEWORK_HEADER = YES;
				CLANG_WARN_RANGE_LOOP_ANALYSIS = YES;
				CLANG_WARN_STRICT_PROTOTYPES = YES;
				CLANG_WARN_SUSPICIOUS_MOVE = YES;
				CLANG_WARN_UNGUARDED_AVAILABILITY = YES_AGGRESSIVE;
				CLANG_WARN_UNREACHABLE_CODE = YES;
				CLANG_WARN__DUPLICATE_METHOD_MATCH = YES;
				COPY_PHASE_STRIP = NO;
				DEBUG_INFORMATION_FORMAT = "dwarf-with-dsym";
				ENABLE_NS_ASSERTIONS = NO;
				ENABLE_STRICT_OBJC_MSGSEND = YES;
				GCC_C_LANGUAGE_STANDARD = gnu11;
				GCC_NO_COMMON_BLOCKS = YES;
				GCC_WARN_64_TO_32_BIT_CONVERSION = YES;
				GCC_WARN_ABOUT_RETURN_TYPE = YES_ERROR;
				GCC_WARN_UNDECLARED_SELECTOR = YES;
				GCC_WARN_UNINITIALIZED_AUTOS = YES_AGGRESSIVE;
				GCC_WARN_UNUSED_FUNCTION = YES;
				GCC_WARN_UNUSED_VARIABLE = YES;
				IPHONEOS_DEPLOYMENT_TARGET = 16.1;
				MTL_ENABLE_DEBUG_INFO = NO;
				MTL_FAST_MATH = YES;
				SDKROOT = iphoneos;
				SWIFT_COMPILATION_MODE = wholemodule;
				SWIFT_OPTIMIZATION_LEVEL = "-O";
				VALIDATE_PRODUCT = YES;
			};
			name = Release;
		};
		0A6F21122A44DFAD00C6B7C6 /* Debug */ = {
			isa = XCBuildConfiguration;
			buildSettings = {
				ASSETCATALOG_COMPILER_APPICON_NAME = AppIcon;
				ASSETCATALOG_COMPILER_GLOBAL_ACCENT_COLOR_NAME = AccentColor;
				CODE_SIGN_STYLE = Automatic;
				CURRENT_PROJECT_VERSION = 1;
				DEVELOPMENT_ASSET_PATHS = "\"InstaCop/Preview Content\"";
				DEVELOPMENT_TEAM = E52U5SHEEA;
				ENABLE_PREVIEWS = YES;
				GENERATE_INFOPLIST_FILE = YES;
				INFOPLIST_KEY_UIApplicationSceneManifest_Generation = YES;
				INFOPLIST_KEY_UIApplicationSupportsIndirectInputEvents = YES;
				INFOPLIST_KEY_UILaunchScreen_Generation = YES;
				INFOPLIST_KEY_UISupportedInterfaceOrientations_iPad = "UIInterfaceOrientationPortrait UIInterfaceOrientationPortraitUpsideDown UIInterfaceOrientationLandscapeLeft UIInterfaceOrientationLandscapeRight";
				INFOPLIST_KEY_UISupportedInterfaceOrientations_iPhone = "UIInterfaceOrientationPortrait UIInterfaceOrientationLandscapeLeft UIInterfaceOrientationLandscapeRight";
				LD_RUNPATH_SEARCH_PATHS = (
					"$(inherited)",
					"@executable_path/Frameworks",
				);
				MARKETING_VERSION = 1.0;
				PRODUCT_BUNDLE_IDENTIFIER = com.kcv.InstaCop;
				PRODUCT_NAME = "$(TARGET_NAME)";
				SWIFT_EMIT_LOC_STRINGS = YES;
				SWIFT_VERSION = 5.0;
				TARGETED_DEVICE_FAMILY = "1,2";
			};
			name = Debug;
		};
		0A6F21132A44DFAD00C6B7C6 /* Release */ = {
			isa = XCBuildConfiguration;
			buildSettings = {
				ASSETCATALOG_COMPILER_APPICON_NAME = AppIcon;
				ASSETCATALOG_COMPILER_GLOBAL_ACCENT_COLOR_NAME = AccentColor;
				CODE_SIGN_STYLE = Automatic;
				CURRENT_PROJECT_VERSION = 1;
				DEVELOPMENT_ASSET_PATHS = "\"InstaCop/Preview Content\"";
				DEVELOPMENT_TEAM = E52U5SHEEA;
				ENABLE_PREVIEWS = YES;
				GENERATE_INFOPLIST_FILE = YES;
				INFOPLIST_KEY_UIApplicationSceneManifest_Generation = YES;
				INFOPLIST_KEY_UIApplicationSupportsIndirectInputEvents = YES;
				INFOPLIST_KEY_UILaunchScreen_Generation = YES;
				INFOPLIST_KEY_UISupportedInterfaceOrientations_iPad = "UIInterfaceOrientationPortrait UIInterfaceOrientationPortraitUpsideDown UIInterfaceOrientationLandscapeLeft UIInterfaceOrientationLandscapeRight";
				INFOPLIST_KEY_UISupportedInterfaceOrientations_iPhone = "UIInterfaceOrientationPortrait UIInterfaceOrientationLandscapeLeft UIInterfaceOrientationLandscapeRight";
				LD_RUNPATH_SEARCH_PATHS = (
					"$(inherited)",
					"@executable_path/Frameworks",
				);
				MARKETING_VERSION = 1.0;
				PRODUCT_BUNDLE_IDENTIFIER = com.kcv.InstaCop;
				PRODUCT_NAME = "$(TARGET_NAME)";
				SWIFT_EMIT_LOC_STRINGS = YES;
				SWIFT_VERSION = 5.0;
				TARGETED_DEVICE_FAMILY = "1,2";
			};
			name = Release;
		};
/* End XCBuildConfiguration section */

/* Begin XCConfigurationList section */
		0A6F20FE2A44DFAC00C6B7C6 /* Build configuration list for PBXProject "InstaCop" */ = {
			isa = XCConfigurationList;
			buildConfigurations = (
				0A6F210F2A44DFAD00C6B7C6 /* Debug */,
				0A6F21102A44DFAD00C6B7C6 /* Release */,
			);
			defaultConfigurationIsVisible = 0;
			defaultConfigurationName = Release;
		};
		0A6F21112A44DFAD00C6B7C6 /* Build configuration list for PBXNativeTarget "InstaCop" */ = {
			isa = XCConfigurationList;
			buildConfigurations = (
				0A6F21122A44DFAD00C6B7C6 /* Debug */,
				0A6F21132A44DFAD00C6B7C6 /* Release */,
			);
			defaultConfigurationIsVisible = 0;
			defaultConfigurationName = Release;
		};
/* End XCConfigurationList section */
	};
	rootObject = 0A6F20FB2A44DFAC00C6B7C6 /* Project object */;
}
